# Generated by pub
# See https://dart.dev/tools/pub/glossary#lockfile
packages:
  async:
    dependency: transitive
    description:
      name: async
      sha256: bfe67ef28df125b7dddcea62755991f807aa39a2492a23e1550161692950bbe0
      url: "https://pub.dev"
    source: hosted
    version: "2.10.0"
  boolean_selector:
    dependency: transitive
    description:
      name: boolean_selector
      sha256: "6cfb5af12253eaf2b368f07bacc5a80d1301a071c73360d746b7f2e32d762c66"
      url: "https://pub.dev"
    source: hosted
    version: "2.1.1"
  characters:
    dependency: transitive
    description:
      name: characters
      sha256: e6a326c8af69605aec75ed6c187d06b349707a27fbff8222ca9cc2cff167975c
      url: "https://pub.dev"
    source: hosted
    version: "1.2.1"
  clock:
    dependency: transitive
    description:
      name: clock
      sha256: cb6d7f03e1de671e34607e909a7213e31d7752be4fb66a86d29fe1eb14bfb5cf
      url: "https://pub.dev"
    source: hosted
    version: "1.1.1"
  collection:
    dependency: transitive
    description:
      name: collection
      sha256: cfc915e6923fe5ce6e153b0723c753045de46de1b4d63771530504004a45fae0
      url: "https://pub.dev"
    source: hosted
    version: "1.17.0"
  cupertino_icons:
    dependency: "direct main"
    description:
      name: cupertino_icons
      sha256: e35129dc44c9118cee2a5603506d823bab99c68393879edb440e0090d07586be
      url: "https://pub.dev"
    source: hosted
    version: "1.0.5"
  fake_async:
    dependency: transitive
    description:
      name: fake_async
      sha256: "511392330127add0b769b75a987850d136345d9227c6b94c96a04cf4a391bf78"
      url: "https://pub.dev"
    source: hosted
    version: "1.3.1"
  ffi:
    dependency: transitive
    description:
      name: ffi
      sha256: "13a6ccf6a459a125b3fcdb6ec73bd5ff90822e071207c663bfd1f70062d51d18"
      url: "https://pub.dev"
    source: hosted
    version: "1.2.1"
  file:
    dependency: transitive
    description:
      name: file
      sha256: "1b92bec4fc2a72f59a8e15af5f52cd441e4a7860b49499d69dfa817af20e925d"
      url: "https://pub.dev"
    source: hosted
    version: "6.1.4"
  flutter:
    dependency: "direct main"
    description: flutter
    source: sdk
    version: "0.0.0"
  flutter_foreground_task:
    dependency: "direct dev"
    description:
      name: flutter_foreground_task
      sha256: "5eb81adfd98c77f4d4803ae80d7e0573fd35f706fce6aaa7376656a15ba2d1e0"
      url: "https://pub.dev"
    source: hosted
    version: "3.10.0"
  flutter_screen_recording:
    dependency: "direct main"
    description:
      path: "../flutter_screen_recording"
      relative: true
    source: path
    version: "2.0.8"
  flutter_screen_recording_platform_interface:
    dependency: transitive
    description:
      path: "../flutter_screen_recording_platform_interface"
      relative: true
    source: path
    version: "1.0.2"
  flutter_screen_recording_web:
    dependency: transitive
    description:
      path: "../flutter_screen_recording_web"
      relative: true
    source: path
    version: "1.0.4"
  flutter_test:
    dependency: "direct dev"
    description: flutter
    source: sdk
    version: "0.0.0"
  flutter_web_plugins:
    dependency: transitive
    description: flutter
    source: sdk
    version: "0.0.0"
  js:
    dependency: transitive
    description:
      name: js
      sha256: "5528c2f391ededb7775ec1daa69e65a2d61276f7552de2b5f7b8d34ee9fd4ab7"
      url: "https://pub.dev"
    source: hosted
    version: "0.6.5"
  matcher:
    dependency: transitive
    description:
      name: matcher
      sha256: "16db949ceee371e9b99d22f88fa3a73c4e59fd0afed0bd25fc336eb76c198b72"
      url: "https://pub.dev"
    source: hosted
    version: "0.12.13"
  material_color_utilities:
    dependency: transitive
    description:
      name: material_color_utilities
      sha256: d92141dc6fe1dad30722f9aa826c7fbc896d021d792f80678280601aff8cf724
      url: "https://pub.dev"
    source: hosted
    version: "0.2.0"
  meta:
    dependency: transitive
    description:
      name: meta
      sha256: "6c268b42ed578a53088d834796959e4a1814b5e9e164f147f580a386e5decf42"
      url: "https://pub.dev"
    source: hosted
    version: "1.8.0"
  open_file:
    dependency: "direct dev"
    description:
      name: open_file
      sha256: "7757e9e34c95c7430d582404ea97d70de67d662c55ae6c28d8049db1f54046ca"
      url: "https://pub.dev"
    source: hosted
    version: "3.2.0"
  path:
    dependency: transitive
    description:
      name: path
      sha256: db9d4f58c908a4ba5953fcee2ae317c94889433e5024c27ce74a37f94267945b
      url: "https://pub.dev"
    source: hosted
    version: "1.8.2"
  path_provider_linux:
    dependency: transitive
    description:
      name: path_provider_linux
      sha256: ffbb8cc9ed2c9ec0e4b7a541e56fd79b138e8f47d2fb86815f15358a349b3b57
      url: "https://pub.dev"
    source: hosted
    version: "2.1.11"
  path_provider_platform_interface:
    dependency: transitive
    description:
      name: path_provider_platform_interface
      sha256: "57585299a729335f1298b43245842678cb9f43a6310351b18fb577d6e33165ec"
      url: "https://pub.dev"
    source: hosted
    version: "2.0.6"
  path_provider_windows:
    dependency: transitive
    description:
      name: path_provider_windows
      sha256: a34ecd7fb548f8e57321fd8e50d865d266941b54e6c3b7758cf8f37c24116905
      url: "https://pub.dev"
    source: hosted
    version: "2.0.7"
  permission_handler:
    dependency: "direct dev"
    description:
      name: permission_handler
      sha256: "33c6a1253d1f95fd06fa74b65b7ba907ae9811f9d5c1d3150e51417d04b8d6a8"
      url: "https://pub.dev"
    source: hosted
    version: "10.2.0"
  permission_handler_android:
    dependency: transitive
    description:
      name: permission_handler_android
      sha256: f1044cf68ae3a56b31854b7b3e022d5a50dd78b5a28bba5287bcf1d9e3e62537
      url: "https://pub.dev"
    source: hosted
    version: "10.2.2"
  permission_handler_apple:
    dependency: transitive
    description:
      name: permission_handler_apple
      sha256: ee96ac32f5a8e6f80756e25b25b9f8e535816c8e6665a96b6d70681f8c4f7e85
      url: "https://pub.dev"
    source: hosted
    version: "9.0.8"
  permission_handler_platform_interface:
    dependency: transitive
    description:
      name: permission_handler_platform_interface
      sha256: "68abbc472002b5e6dfce47fe9898c6b7d8328d58b5d2524f75e277c07a97eb84"
      url: "https://pub.dev"
    source: hosted
    version: "3.9.0"
  permission_handler_windows:
    dependency: transitive
    description:
      name: permission_handler_windows
      sha256: f67cab14b4328574938ecea2db3475dad7af7ead6afab6338772c5f88963e38b
      url: "https://pub.dev"
    source: hosted
    version: "0.1.2"
  platform:
    dependency: transitive
    description:
      name: platform
      sha256: "4a451831508d7d6ca779f7ac6e212b4023dd5a7d08a27a63da33756410e32b76"
      url: "https://pub.dev"
    source: hosted
    version: "3.1.0"
  platform_detect:
    dependency: transitive
    description:
      name: platform_detect
      sha256: "14afcb6ffcd93745e39a288db53d1d6522ea25d71f7993c13a367a86c437b54d"
      url: "https://pub.dev"
    source: hosted
    version: "2.0.7"
  plugin_platform_interface:
    dependency: transitive
    description:
      name: plugin_platform_interface
      sha256: "6a2128648c854906c53fa8e33986fc0247a1116122f9534dd20e3ab9e16a32bc"
      url: "https://pub.dev"
    source: hosted
    version: "2.1.4"
  process:
    dependency: transitive
    description:
      name: process
      sha256: "53fd8db9cec1d37b0574e12f07520d582019cb6c44abf5479a01505099a34a09"
      url: "https://pub.dev"
    source: hosted
    version: "4.2.4"
  pub_semver:
    dependency: transitive
    description:
      name: pub_semver
      sha256: "40d3ab1bbd474c4c2328c91e3a7df8c6dd629b79ece4c4bd04bee496a224fb0c"
      url: "https://pub.dev"
    source: hosted
    version: "2.1.4"
  quiver:
    dependency: "direct main"
    description:
      name: quiver
      sha256: b1c1ac5ce6688d77f65f3375a9abb9319b3cb32486bdc7a1e0fdf004d7ba4e47
      url: "https://pub.dev"
    source: hosted
    version: "3.2.1"
  shared_preferences:
    dependency: transitive
    description:
      name: shared_preferences
      sha256: "16d3fb6b3692ad244a695c0183fca18cf81fd4b821664394a781de42386bf022"
      url: "https://pub.dev"
    source: hosted
    version: "2.1.1"
  shared_preferences_android:
    dependency: transitive
    description:
      name: shared_preferences_android
      sha256: "6478c6bbbecfe9aced34c483171e90d7c078f5883558b30ec3163cf18402c749"
      url: "https://pub.dev"
    source: hosted
    version: "2.1.4"
  shared_preferences_foundation:
    dependency: transitive
    description:
      name: shared_preferences_foundation
      sha256: e014107bb79d6d3297196f4f2d0db54b5d1f85b8ea8ff63b8e8b391a02700feb
      url: "https://pub.dev"
    source: hosted
    version: "2.2.2"
  shared_preferences_ios:
    dependency: transitive
    description:
      name: shared_preferences_ios
      sha256: "585a14cefec7da8c9c2fb8cd283a3bb726b4155c0952afe6a0caaa7b2272de34"
      url: "https://pub.dev"
    source: hosted
    version: "2.1.1"
  shared_preferences_linux:
    dependency: transitive
    description:
      name: shared_preferences_linux
      sha256: "9d387433ca65717bbf1be88f4d5bb18f10508917a8fa2fb02e0fd0d7479a9afa"
      url: "https://pub.dev"
    source: hosted
    version: "2.2.0"
  shared_preferences_platform_interface:
    dependency: transitive
    description:
      name: shared_preferences_platform_interface
      sha256: fb5cf25c0235df2d0640ac1b1174f6466bd311f621574997ac59018a6664548d
      url: "https://pub.dev"
    source: hosted
    version: "2.2.0"
  shared_preferences_web:
    dependency: transitive
    description:
      name: shared_preferences_web
      sha256: "74083203a8eae241e0de4a0d597dbedab3b8fef5563f33cf3c12d7e93c655ca5"
      url: "https://pub.dev"
    source: hosted
    version: "2.1.0"
  shared_preferences_windows:
    dependency: transitive
    description:
      name: shared_preferences_windows
      sha256: "5e588e2efef56916a3b229c3bfe81e6a525665a454519ca51dbcc4236a274173"
      url: "https://pub.dev"
    source: hosted
    version: "2.2.0"
  sky_engine:
    dependency: transitive
    description: flutter
    source: sdk
    version: "0.0.99"
  source_span:
    dependency: transitive
    description:
      name: source_span
      sha256: dd904f795d4b4f3b870833847c461801f6750a9fa8e61ea5ac53f9422b31f250
      url: "https://pub.dev"
    source: hosted
    version: "1.9.1"
  stack_trace:
    dependency: transitive
    description:
      name: stack_trace
      sha256: c3c7d8edb15bee7f0f74debd4b9c5f3c2ea86766fe4178eb2a18eb30a0bdaed5
      url: "https://pub.dev"
    source: hosted
    version: "1.11.0"
  stream_channel:
    dependency: transitive
    description:
      name: stream_channel
      sha256: "83615bee9045c1d322bbbd1ba209b7a749c2cbcdcb3fdd1df8eb488b3279c1c8"
      url: "https://pub.dev"
    source: hosted
    version: "2.1.1"
  string_scanner:
    dependency: transitive
    description:
      name: string_scanner
      sha256: "556692adab6cfa87322a115640c11f13cb77b3f076ddcc5d6ae3c20242bedcde"
      url: "https://pub.dev"
    source: hosted
    version: "1.2.0"
  term_glyph:
    dependency: transitive
    description:
      name: term_glyph
      sha256: a29248a84fbb7c79282b40b8c72a1209db169a2e0542bce341da992fe1bc7e84
      url: "https://pub.dev"
    source: hosted
    version: "1.2.1"
  test_api:
    dependency: transitive
    description:
      name: test_api
      sha256: ad540f65f92caa91bf21dfc8ffb8c589d6e4dc0c2267818b4cc2792857706206
      url: "https://pub.dev"
    source: hosted
    version: "0.4.16"
  vector_math:
    dependency: transitive
    description:
      name: vector_math
      sha256: "80b3257d1492ce4d091729e3a67a60407d227c27241d6927be0130c98e741803"
      url: "https://pub.dev"
    source: hosted
    version: "2.1.4"
  win32:
    dependency: transitive
    description:
      name: win32
      sha256: c0e3a4f7be7dae51d8f152230b86627e3397c1ba8c3fa58e63d44a9f3edc9cef
      url: "https://pub.dev"
    source: hosted
    version: "2.6.1"
  xdg_directories:
    dependency: transitive
    description:
      name: xdg_directories
      sha256: ee1505df1426458f7f60aac270645098d318a8b4766d85fde75f76f2e21807d1
      url: "https://pub.dev"
    source: hosted
    version: "1.0.0"
sdks:
  dart: ">=2.19.0 <3.0.0"
  flutter: ">=3.3.0"
