PODS:
  - Flutter (1.0.0)
  - flutter_foreground_plugin (0.0.1):
    - Flutter
  - flutter_screen_recording (0.0.1):
    - Flutter
  - open_file (0.0.1):
    - Flutter
  - "permission_handler (4.4.0+hotfix.4)":
    - Flutter

DEPENDENCIES:
  - Flutter (from `Flutter`)
  - flutter_foreground_plugin (from `.symlinks/plugins/flutter_foreground_plugin/ios`)
  - flutter_screen_recording (from `.symlinks/plugins/flutter_screen_recording/ios`)
  - open_file (from `.symlinks/plugins/open_file/ios`)
  - permission_handler (from `.symlinks/plugins/permission_handler/ios`)

EXTERNAL SOURCES:
  Flutter:
    :path: Flutter
  flutter_foreground_plugin:
    :path: ".symlinks/plugins/flutter_foreground_plugin/ios"
  flutter_screen_recording:
    :path: ".symlinks/plugins/flutter_screen_recording/ios"
  open_file:
    :path: ".symlinks/plugins/open_file/ios"
  permission_handler:
    :path: ".symlinks/plugins/permission_handler/ios"

SPEC CHECKSUMS:
  Flutter: 50d75fe2f02b26cc09d224853bb45737f8b3214a
  flutter_foreground_plugin: 685583f00ade6168e38f08fd11d6cc0402ebb975
  flutter_screen_recording: f56d857cef9c6338f74909a15f60b3e5dc5ffb38
  open_file: 02eb5cb6b21264bd3a696876f5afbfb7ca4f4b7d
  permission_handler: 8278954f2382902f63f00dd8828769c0bd6d511b

PODFILE CHECKSUM: aafe91acc616949ddb318b77800a7f51bffa2a4c

COCOAPODS: 1.11.2
