PODS:
  - Flutter (1.0.0)
  - flutter_screen_recording (0.0.1):
    - Flutter

DEPENDENCIES:
  - Flutter (from `Flutter`)
  - flutter_screen_recording (from `.symlinks/plugins/flutter_screen_recording/ios`)

EXTERNAL SOURCES:
  Flutter:
    :path: Flutter
  flutter_screen_recording:
    :path: ".symlinks/plugins/flutter_screen_recording/ios"

SPEC CHECKSUMS:
  Flutter: 0e3d915762c693b495b44d77113d4970485de6ec
  flutter_screen_recording: f56d857cef9c6338f74909a15f60b3e5dc5ffb38

PODFILE CHECKSUM: 1b66dae606f75376c5f2135a8290850eeb09ae83

COCOAPODS: 1.8.4
