PODS:
  - Flutter (1.0.0)
  - flutter_screen_recording (0.0.1):
    - Flutter
  - open_file (0.0.1):
    - Flutter
  - "permission_handler (4.2.0+hotfix.3)":
    - Flutter

DEPENDENCIES:
  - Flutter (from `Flutter`)
  - flutter_screen_recording (from `.symlinks/plugins/flutter_screen_recording/ios`)
  - open_file (from `.symlinks/plugins/open_file/ios`)
  - permission_handler (from `.symlinks/plugins/permission_handler/ios`)

EXTERNAL SOURCES:
  Flutter:
    :path: Flutter
  flutter_screen_recording:
    :path: ".symlinks/plugins/flutter_screen_recording/ios"
  open_file:
    :path: ".symlinks/plugins/open_file/ios"
  permission_handler:
    :path: ".symlinks/plugins/permission_handler/ios"

SPEC CHECKSUMS:
  Flutter: 0e3d915762c693b495b44d77113d4970485de6ec
  flutter_screen_recording: f56d857cef9c6338f74909a15f60b3e5dc5ffb38
  open_file: 02eb5cb6b21264bd3a696876f5afbfb7ca4f4b7d
  permission_handler: 40520ab8ad1bb78a282b832464e995ec87f77ec6

PODFILE CHECKSUM: 1b66dae606f75376c5f2135a8290850eeb09ae83

COCOAPODS: 1.8.4
